Microsoft Visual Studio Solution File, Format Version 12.00
# Visual Studio Version 16
VisualStudioVersion = 16.0.29920.165
MinimumVisualStudioVersion = 10.0.40219.1
Project("{9A19103F-16F7-4668-BE54-9A1E7A4F7556}") = "DataForm_CustomAppearance", "CustomAppearance\DataForm_CustomAppearance\DataForm_CustomAppearance.csproj", "{E1C20E80-32A5-46F2-BE57-2D1D734E2E9B}"
EndProject
Project("{FAE04EC0-301F-11D3-BF4B-00C04F79EFBC}") = "DataForm_CustomAppearance.Android", "CustomAppearance\DataForm_CustomAppearance.Android\DataForm_CustomAppearance.Android.csproj", "{7ED83132-6EA8-45A3-8576-9A28E94AA2E4}"
EndProject
Project("{FAE04EC0-301F-11D3-BF4B-00C04F79EFBC}") = "DataForm_CustomAppearance.iOS", "CustomAppearance\DataForm_CustomAppearance.iOS\DataForm_CustomAppearance.iOS.csproj", "{D9802255-0748-4822-B763-91DEF60D7B38}"
EndProject
Project("{9A19103F-16F7-4668-BE54-9A1E7A4F7556}") = "DataForm_GettingStarted", "GettingStarted\DataForm_GettingStarted\DataForm_GettingStarted.csproj", "{F0C84FFD-C291-4056-8AB2-B8A5DF3F297A}"
EndProject
Project("{FAE04EC0-301F-11D3-BF4B-00C04F79EFBC}") = "DataForm_GettingStarted.Android", "GettingStarted\DataForm_GettingStarted.Android\DataForm_GettingStarted.Android.csproj", "{F061F2D9-0818-4212-B237-B9D8EDD64A3E}"
EndProject
Project("{FAE04EC0-301F-11D3-BF4B-00C04F79EFBC}") = "DataForm_GettingStarted.iOS", "GettingStarted\DataForm_GettingStarted.iOS\DataForm_GettingStarted.iOS.csproj", "{EFB184D9-0EAB-4D16-A253-076E5875FECF}"
EndProject
Project("{9A19103F-16F7-4668-BE54-9A1E7A4F7556}") = "DataForm_ComboBoxEditor", "ComboBoxEditor\DataForm_ComboBoxEditor\DataForm_ComboBoxEditor.csproj", "{4EBFD64A-1996-4E00-84DE-7FE9B157424F}"
EndProject
Project("{FAE04EC0-301F-11D3-BF4B-00C04F79EFBC}") = "DataForm_ComboBoxEditor.Android", "ComboBoxEditor\DataForm_ComboBoxEditor.Android\DataForm_ComboBoxEditor.Android.csproj", "{A13A873E-BD99-460F-BA6D-6FA64CE08B91}"
EndProject
Project("{FAE04EC0-301F-11D3-BF4B-00C04F79EFBC}") = "DataForm_ComboBoxEditor.iOS", "ComboBoxEditor\DataForm_ComboBoxEditor.iOS\DataForm_ComboBoxEditor.iOS.csproj", "{E8A9B234-521A-42DB-BAEB-A34103DACF36}"
EndProject
Project("{9A19103F-16F7-4668-BE54-9A1E7A4F7556}") = "DataForms_DynamicEditors", "DynamicEditors\DataForms_DynamicEditors\DataForms_DynamicEditors.csproj", "{D4354945-8F89-4518-A652-A00F489E807A}"
EndProject
Project("{FAE04EC0-301F-11D3-BF4B-00C04F79EFBC}") = "DataForms_DynamicEditors.Android", "DynamicEditors\DataForms_DynamicEditors.Android\DataForms_DynamicEditors.Android.csproj", "{A50913A2-B495-4797-8623-7B81549D6B21}"
EndProject
Project("{FAE04EC0-301F-11D3-BF4B-00C04F79EFBC}") = "DataForms_DynamicEditors.iOS", "DynamicEditors\DataForms_DynamicEditors.iOS\DataForms_DynamicEditors.iOS.csproj", "{D311A264-9FB7-4CC8-895A-EF4B32D8F1B5}"
EndProject
Global
	GlobalSection(SolutionConfigurationPlatforms) = preSolution
		Debug|Any CPU = Debug|Any CPU
		Debug|iPhone = Debug|iPhone
		Debug|iPhoneSimulator = Debug|iPhoneSimulator
		Release|Any CPU = Release|Any CPU
		Release|iPhone = Release|iPhone
		Release|iPhoneSimulator = Release|iPhoneSimulator
	EndGlobalSection
	GlobalSection(ProjectConfigurationPlatforms) = postSolution
		{E1C20E80-32A5-46F2-BE57-2D1D734E2E9B}.Debug|Any CPU.ActiveCfg = Debug|Any CPU
		{E1C20E80-32A5-46F2-BE57-2D1D734E2E9B}.Debug|Any CPU.Build.0 = Debug|Any CPU
		{E1C20E80-32A5-46F2-BE57-2D1D734E2E9B}.Debug|iPhone.ActiveCfg = Debug|Any CPU
		{E1C20E80-32A5-46F2-BE57-2D1D734E2E9B}.Debug|iPhone.Build.0 = Debug|Any CPU
		{E1C20E80-32A5-46F2-BE57-2D1D734E2E9B}.Debug|iPhoneSimulator.ActiveCfg = Debug|Any CPU
		{E1C20E80-32A5-46F2-BE57-2D1D734E2E9B}.Debug|iPhoneSimulator.Build.0 = Debug|Any CPU
		{E1C20E80-32A5-46F2-BE57-2D1D734E2E9B}.Release|Any CPU.ActiveCfg = Release|Any CPU
		{E1C20E80-32A5-46F2-BE57-2D1D734E2E9B}.Release|Any CPU.Build.0 = Release|Any CPU
		{E1C20E80-32A5-46F2-BE57-2D1D734E2E9B}.Release|iPhone.ActiveCfg = Release|Any CPU
		{E1C20E80-32A5-46F2-BE57-2D1D734E2E9B}.Release|iPhone.Build.0 = Release|Any CPU
		{E1C20E80-32A5-46F2-BE57-2D1D734E2E9B}.Release|iPhoneSimulator.ActiveCfg = Release|Any CPU
		{E1C20E80-32A5-46F2-BE57-2D1D734E2E9B}.Release|iPhoneSimulator.Build.0 = Release|Any CPU
		{7ED83132-6EA8-45A3-8576-9A28E94AA2E4}.Debug|Any CPU.ActiveCfg = Debug|Any CPU
		{7ED83132-6EA8-45A3-8576-9A28E94AA2E4}.Debug|Any CPU.Build.0 = Debug|Any CPU
		{7ED83132-6EA8-45A3-8576-9A28E94AA2E4}.Debug|Any CPU.Deploy.0 = Debug|Any CPU
		{7ED83132-6EA8-45A3-8576-9A28E94AA2E4}.Debug|iPhone.ActiveCfg = Debug|Any CPU
		{7ED83132-6EA8-45A3-8576-9A28E94AA2E4}.Debug|iPhone.Build.0 = Debug|Any CPU
		{7ED83132-6EA8-45A3-8576-9A28E94AA2E4}.Debug|iPhone.Deploy.0 = Debug|Any CPU
		{7ED83132-6EA8-45A3-8576-9A28E94AA2E4}.Debug|iPhoneSimulator.ActiveCfg = Debug|Any CPU
		{7ED83132-6EA8-45A3-8576-9A28E94AA2E4}.Debug|iPhoneSimulator.Build.0 = Debug|Any CPU
		{7ED83132-6EA8-45A3-8576-9A28E94AA2E4}.Debug|iPhoneSimulator.Deploy.0 = Debug|Any CPU
		{7ED83132-6EA8-45A3-8576-9A28E94AA2E4}.Release|Any CPU.ActiveCfg = Release|Any CPU
		{7ED83132-6EA8-45A3-8576-9A28E94AA2E4}.Release|Any CPU.Build.0 = Release|Any CPU
		{7ED83132-6EA8-45A3-8576-9A28E94AA2E4}.Release|Any CPU.Deploy.0 = Release|Any CPU
		{7ED83132-6EA8-45A3-8576-9A28E94AA2E4}.Release|iPhone.ActiveCfg = Release|Any CPU
		{7ED83132-6EA8-45A3-8576-9A28E94AA2E4}.Release|iPhone.Build.0 = Release|Any CPU
		{7ED83132-6EA8-45A3-8576-9A28E94AA2E4}.Release|iPhone.Deploy.0 = Release|Any CPU
		{7ED83132-6EA8-45A3-8576-9A28E94AA2E4}.Release|iPhoneSimulator.ActiveCfg = Release|Any CPU
		{7ED83132-6EA8-45A3-8576-9A28E94AA2E4}.Release|iPhoneSimulator.Build.0 = Release|Any CPU
		{7ED83132-6EA8-45A3-8576-9A28E94AA2E4}.Release|iPhoneSimulator.Deploy.0 = Release|Any CPU
		{D9802255-0748-4822-B763-91DEF60D7B38}.Debug|Any CPU.ActiveCfg = Debug|iPhone
		{D9802255-0748-4822-B763-91DEF60D7B38}.Debug|iPhone.ActiveCfg = Debug|iPhone
		{D9802255-0748-4822-B763-91DEF60D7B38}.Debug|iPhone.Build.0 = Debug|iPhone
		{D9802255-0748-4822-B763-91DEF60D7B38}.Debug|iPhoneSimulator.ActiveCfg = Debug|iPhoneSimulator
		{D9802255-0748-4822-B763-91DEF60D7B38}.Debug|iPhoneSimulator.Build.0 = Debug|iPhoneSimulator
		{D9802255-0748-4822-B763-91DEF60D7B38}.Release|Any CPU.ActiveCfg = Release|iPhone
		{D9802255-0748-4822-B763-91DEF60D7B38}.Release|iPhone.ActiveCfg = Release|iPhone
		{D9802255-0748-4822-B763-91DEF60D7B38}.Release|iPhone.Build.0 = Release|iPhone
		{D9802255-0748-4822-B763-91DEF60D7B38}.Release|iPhoneSimulator.ActiveCfg = Release|iPhoneSimulator
		{D9802255-0748-4822-B763-91DEF60D7B38}.Release|iPhoneSimulator.Build.0 = Release|iPhoneSimulator
		{F0C84FFD-C291-4056-8AB2-B8A5DF3F297A}.Debug|Any CPU.ActiveCfg = Debug|Any CPU
		{F0C84FFD-C291-4056-8AB2-B8A5DF3F297A}.Debug|Any CPU.Build.0 = Debug|Any CPU
		{F0C84FFD-C291-4056-8AB2-B8A5DF3F297A}.Debug|iPhone.ActiveCfg = Debug|Any CPU
		{F0C84FFD-C291-4056-8AB2-B8A5DF3F297A}.Debug|iPhone.Build.0 = Debug|Any CPU
		{F0C84FFD-C291-4056-8AB2-B8A5DF3F297A}.Debug|iPhoneSimulator.ActiveCfg = Debug|Any CPU
		{F0C84FFD-C291-4056-8AB2-B8A5DF3F297A}.Debug|iPhoneSimulator.Build.0 = Debug|Any CPU
		{F0C84FFD-C291-4056-8AB2-B8A5DF3F297A}.Release|Any CPU.ActiveCfg = Release|Any CPU
		{F0C84FFD-C291-4056-8AB2-B8A5DF3F297A}.Release|Any CPU.Build.0 = Release|Any CPU
		{F0C84FFD-C291-4056-8AB2-B8A5DF3F297A}.Release|iPhone.ActiveCfg = Release|Any CPU
		{F0C84FFD-C291-4056-8AB2-B8A5DF3F297A}.Release|iPhone.Build.0 = Release|Any CPU
		{F0C84FFD-C291-4056-8AB2-B8A5DF3F297A}.Release|iPhoneSimulator.ActiveCfg = Release|Any CPU
		{F0C84FFD-C291-4056-8AB2-B8A5DF3F297A}.Release|iPhoneSimulator.Build.0 = Release|Any CPU
		{F061F2D9-0818-4212-B237-B9D8EDD64A3E}.Debug|Any CPU.ActiveCfg = Debug|Any CPU
		{F061F2D9-0818-4212-B237-B9D8EDD64A3E}.Debug|Any CPU.Build.0 = Debug|Any CPU
		{F061F2D9-0818-4212-B237-B9D8EDD64A3E}.Debug|Any CPU.Deploy.0 = Debug|Any CPU
		{F061F2D9-0818-4212-B237-B9D8EDD64A3E}.Debug|iPhone.ActiveCfg = Debug|Any CPU
		{F061F2D9-0818-4212-B237-B9D8EDD64A3E}.Debug|iPhone.Build.0 = Debug|Any CPU
		{F061F2D9-0818-4212-B237-B9D8EDD64A3E}.Debug|iPhone.Deploy.0 = Debug|Any CPU
		{F061F2D9-0818-4212-B237-B9D8EDD64A3E}.Debug|iPhoneSimulator.ActiveCfg = Debug|Any CPU
		{F061F2D9-0818-4212-B237-B9D8EDD64A3E}.Debug|iPhoneSimulator.Build.0 = Debug|Any CPU
		{F061F2D9-0818-4212-B237-B9D8EDD64A3E}.Debug|iPhoneSimulator.Deploy.0 = Debug|Any CPU
		{F061F2D9-0818-4212-B237-B9D8EDD64A3E}.Release|Any CPU.ActiveCfg = Release|Any CPU
		{F061F2D9-0818-4212-B237-B9D8EDD64A3E}.Release|Any CPU.Build.0 = Release|Any CPU
		{F061F2D9-0818-4212-B237-B9D8EDD64A3E}.Release|Any CPU.Deploy.0 = Release|Any CPU
		{F061F2D9-0818-4212-B237-B9D8EDD64A3E}.Release|iPhone.ActiveCfg = Release|Any CPU
		{F061F2D9-0818-4212-B237-B9D8EDD64A3E}.Release|iPhone.Build.0 = Release|Any CPU
		{F061F2D9-0818-4212-B237-B9D8EDD64A3E}.Release|iPhone.Deploy.0 = Release|Any CPU
		{F061F2D9-0818-4212-B237-B9D8EDD64A3E}.Release|iPhoneSimulator.ActiveCfg = Release|Any CPU
		{F061F2D9-0818-4212-B237-B9D8EDD64A3E}.Release|iPhoneSimulator.Build.0 = Release|Any CPU
		{F061F2D9-0818-4212-B237-B9D8EDD64A3E}.Release|iPhoneSimulator.Deploy.0 = Release|Any CPU
		{EFB184D9-0EAB-4D16-A253-076E5875FECF}.Debug|Any CPU.ActiveCfg = Debug|iPhone
		{EFB184D9-0EAB-4D16-A253-076E5875FECF}.Debug|iPhone.ActiveCfg = Debug|iPhone
		{EFB184D9-0EAB-4D16-A253-076E5875FECF}.Debug|iPhone.Build.0 = Debug|iPhone
		{EFB184D9-0EAB-4D16-A253-076E5875FECF}.Debug|iPhoneSimulator.ActiveCfg = Debug|iPhoneSimulator
		{EFB184D9-0EAB-4D16-A253-076E5875FECF}.Debug|iPhoneSimulator.Build.0 = Debug|iPhoneSimulator
		{EFB184D9-0EAB-4D16-A253-076E5875FECF}.Release|Any CPU.ActiveCfg = Release|iPhone
		{EFB184D9-0EAB-4D16-A253-076E5875FECF}.Release|iPhone.ActiveCfg = Release|iPhone
		{EFB184D9-0EAB-4D16-A253-076E5875FECF}.Release|iPhone.Build.0 = Release|iPhone
		{EFB184D9-0EAB-4D16-A253-076E5875FECF}.Release|iPhoneSimulator.ActiveCfg = Release|iPhoneSimulator
		{EFB184D9-0EAB-4D16-A253-076E5875FECF}.Release|iPhoneSimulator.Build.0 = Release|iPhoneSimulator
		{4EBFD64A-1996-4E00-84DE-7FE9B157424F}.Debug|Any CPU.ActiveCfg = Debug|Any CPU
		{4EBFD64A-1996-4E00-84DE-7FE9B157424F}.Debug|Any CPU.Build.0 = Debug|Any CPU
		{4EBFD64A-1996-4E00-84DE-7FE9B157424F}.Debug|iPhone.ActiveCfg = Debug|Any CPU
		{4EBFD64A-1996-4E00-84DE-7FE9B157424F}.Debug|iPhone.Build.0 = Debug|Any CPU
		{4EBFD64A-1996-4E00-84DE-7FE9B157424F}.Debug|iPhoneSimulator.ActiveCfg = Debug|Any CPU
		{4EBFD64A-1996-4E00-84DE-7FE9B157424F}.Debug|iPhoneSimulator.Build.0 = Debug|Any CPU
		{4EBFD64A-1996-4E00-84DE-7FE9B157424F}.Release|Any CPU.ActiveCfg = Release|Any CPU
		{4EBFD64A-1996-4E00-84DE-7FE9B157424F}.Release|Any CPU.Build.0 = Release|Any CPU
		{4EBFD64A-1996-4E00-84DE-7FE9B157424F}.Release|iPhone.ActiveCfg = Release|Any CPU
		{4EBFD64A-1996-4E00-84DE-7FE9B157424F}.Release|iPhone.Build.0 = Release|Any CPU
		{4EBFD64A-1996-4E00-84DE-7FE9B157424F}.Release|iPhoneSimulator.ActiveCfg = Release|Any CPU
		{4EBFD64A-1996-4E00-84DE-7FE9B157424F}.Release|iPhoneSimulator.Build.0 = Release|Any CPU
		{A13A873E-BD99-460F-BA6D-6FA64CE08B91}.Debug|Any CPU.ActiveCfg = Debug|Any CPU
		{A13A873E-BD99-460F-BA6D-6FA64CE08B91}.Debug|Any CPU.Build.0 = Debug|Any CPU
		{A13A873E-BD99-460F-BA6D-6FA64CE08B91}.Debug|Any CPU.Deploy.0 = Debug|Any CPU
		{A13A873E-BD99-460F-BA6D-6FA64CE08B91}.Debug|iPhone.ActiveCfg = Debug|Any CPU
		{A13A873E-BD99-460F-BA6D-6FA64CE08B91}.Debug|iPhone.Build.0 = Debug|Any CPU
		{A13A873E-BD99-460F-BA6D-6FA64CE08B91}.Debug|iPhone.Deploy.0 = Debug|Any CPU
		{A13A873E-BD99-460F-BA6D-6FA64CE08B91}.Debug|iPhoneSimulator.ActiveCfg = Debug|Any CPU
		{A13A873E-BD99-460F-BA6D-6FA64CE08B91}.Debug|iPhoneSimulator.Build.0 = Debug|Any CPU
		{A13A873E-BD99-460F-BA6D-6FA64CE08B91}.Debug|iPhoneSimulator.Deploy.0 = Debug|Any CPU
		{A13A873E-BD99-460F-BA6D-6FA64CE08B91}.Release|Any CPU.ActiveCfg = Release|Any CPU
		{A13A873E-BD99-460F-BA6D-6FA64CE08B91}.Release|Any CPU.Build.0 = Release|Any CPU
		{A13A873E-BD99-460F-BA6D-6FA64CE08B91}.Release|Any CPU.Deploy.0 = Release|Any CPU
		{A13A873E-BD99-460F-BA6D-6FA64CE08B91}.Release|iPhone.ActiveCfg = Release|Any CPU
		{A13A873E-BD99-460F-BA6D-6FA64CE08B91}.Release|iPhone.Build.0 = Release|Any CPU
		{A13A873E-BD99-460F-BA6D-6FA64CE08B91}.Release|iPhone.Deploy.0 = Release|Any CPU
		{A13A873E-BD99-460F-BA6D-6FA64CE08B91}.Release|iPhoneSimulator.ActiveCfg = Release|Any CPU
		{A13A873E-BD99-460F-BA6D-6FA64CE08B91}.Release|iPhoneSimulator.Build.0 = Release|Any CPU
		{A13A873E-BD99-460F-BA6D-6FA64CE08B91}.Release|iPhoneSimulator.Deploy.0 = Release|Any CPU
		{E8A9B234-521A-42DB-BAEB-A34103DACF36}.Debug|Any CPU.ActiveCfg = Debug|iPhone
		{E8A9B234-521A-42DB-BAEB-A34103DACF36}.Debug|iPhone.ActiveCfg = Debug|iPhone
		{E8A9B234-521A-42DB-BAEB-A34103DACF36}.Debug|iPhone.Build.0 = Debug|iPhone
		{E8A9B234-521A-42DB-BAEB-A34103DACF36}.Debug|iPhoneSimulator.ActiveCfg = Debug|iPhoneSimulator
		{E8A9B234-521A-42DB-BAEB-A34103DACF36}.Debug|iPhoneSimulator.Build.0 = Debug|iPhoneSimulator
		{E8A9B234-521A-42DB-BAEB-A34103DACF36}.Release|Any CPU.ActiveCfg = Release|iPhone
		{E8A9B234-521A-42DB-BAEB-A34103DACF36}.Release|iPhone.ActiveCfg = Release|iPhone
		{E8A9B234-521A-42DB-BAEB-A34103DACF36}.Release|iPhone.Build.0 = Release|iPhone
		{E8A9B234-521A-42DB-BAEB-A34103DACF36}.Release|iPhoneSimulator.ActiveCfg = Release|iPhoneSimulator
		{E8A9B234-521A-42DB-BAEB-A34103DACF36}.Release|iPhoneSimulator.Build.0 = Release|iPhoneSimulator
		{D4354945-8F89-4518-A652-A00F489E807A}.Debug|Any CPU.ActiveCfg = Debug|Any CPU
		{D4354945-8F89-4518-A652-A00F489E807A}.Debug|Any CPU.Build.0 = Debug|Any CPU
		{D4354945-8F89-4518-A652-A00F489E807A}.Debug|iPhone.ActiveCfg = Debug|Any CPU
		{D4354945-8F89-4518-A652-A00F489E807A}.Debug|iPhone.Build.0 = Debug|Any CPU
		{D4354945-8F89-4518-A652-A00F489E807A}.Debug|iPhoneSimulator.ActiveCfg = Debug|Any CPU
		{D4354945-8F89-4518-A652-A00F489E807A}.Debug|iPhoneSimulator.Build.0 = Debug|Any CPU
		{D4354945-8F89-4518-A652-A00F489E807A}.Release|Any CPU.ActiveCfg = Release|Any CPU
		{D4354945-8F89-4518-A652-A00F489E807A}.Release|Any CPU.Build.0 = Release|Any CPU
		{D4354945-8F89-4518-A652-A00F489E807A}.Release|iPhone.ActiveCfg = Release|Any CPU
		{D4354945-8F89-4518-A652-A00F489E807A}.Release|iPhone.Build.0 = Release|Any CPU
		{D4354945-8F89-4518-A652-A00F489E807A}.Release|iPhoneSimulator.ActiveCfg = Release|Any CPU
		{D4354945-8F89-4518-A652-A00F489E807A}.Release|iPhoneSimulator.Build.0 = Release|Any CPU
		{A50913A2-B495-4797-8623-7B81549D6B21}.Debug|Any CPU.ActiveCfg = Debug|Any CPU
		{A50913A2-B495-4797-8623-7B81549D6B21}.Debug|Any CPU.Build.0 = Debug|Any CPU
		{A50913A2-B495-4797-8623-7B81549D6B21}.Debug|Any CPU.Deploy.0 = Debug|Any CPU
		{A50913A2-B495-4797-8623-7B81549D6B21}.Debug|iPhone.ActiveCfg = Debug|Any CPU
		{A50913A2-B495-4797-8623-7B81549D6B21}.Debug|iPhone.Build.0 = Debug|Any CPU
		{A50913A2-B495-4797-8623-7B81549D6B21}.Debug|iPhone.Deploy.0 = Debug|Any CPU
		{A50913A2-B495-4797-8623-7B81549D6B21}.Debug|iPhoneSimulator.ActiveCfg = Debug|Any CPU
		{A50913A2-B495-4797-8623-7B81549D6B21}.Debug|iPhoneSimulator.Build.0 = Debug|Any CPU
		{A50913A2-B495-4797-8623-7B81549D6B21}.Debug|iPhoneSimulator.Deploy.0 = Debug|Any CPU
		{A50913A2-B495-4797-8623-7B81549D6B21}.Release|Any CPU.ActiveCfg = Release|Any CPU
		{A50913A2-B495-4797-8623-7B81549D6B21}.Release|Any CPU.Build.0 = Release|Any CPU
		{A50913A2-B495-4797-8623-7B81549D6B21}.Release|Any CPU.Deploy.0 = Release|Any CPU
		{A50913A2-B495-4797-8623-7B81549D6B21}.Release|iPhone.ActiveCfg = Release|Any CPU
		{A50913A2-B495-4797-8623-7B81549D6B21}.Release|iPhone.Build.0 = Release|Any CPU
		{A50913A2-B495-4797-8623-7B81549D6B21}.Release|iPhone.Deploy.0 = Release|Any CPU
		{A50913A2-B495-4797-8623-7B81549D6B21}.Release|iPhoneSimulator.ActiveCfg = Release|Any CPU
		{A50913A2-B495-4797-8623-7B81549D6B21}.Release|iPhoneSimulator.Build.0 = Release|Any CPU
		{A50913A2-B495-4797-8623-7B81549D6B21}.Release|iPhoneSimulator.Deploy.0 = Release|Any CPU
		{D311A264-9FB7-4CC8-895A-EF4B32D8F1B5}.Debug|Any CPU.ActiveCfg = Debug|iPhoneSimulator
		{D311A264-9FB7-4CC8-895A-EF4B32D8F1B5}.Debug|iPhone.ActiveCfg = Debug|iPhone
		{D311A264-9FB7-4CC8-895A-EF4B32D8F1B5}.Debug|iPhone.Build.0 = Debug|iPhone
		{D311A264-9FB7-4CC8-895A-EF4B32D8F1B5}.Debug|iPhoneSimulator.ActiveCfg = Debug|iPhoneSimulator
		{D311A264-9FB7-4CC8-895A-EF4B32D8F1B5}.Debug|iPhoneSimulator.Build.0 = Debug|iPhoneSimulator
		{D311A264-9FB7-4CC8-895A-EF4B32D8F1B5}.Release|Any CPU.ActiveCfg = Release|iPhoneSimulator
		{D311A264-9FB7-4CC8-895A-EF4B32D8F1B5}.Release|iPhone.ActiveCfg = Release|iPhone
		{D311A264-9FB7-4CC8-895A-EF4B32D8F1B5}.Release|iPhone.Build.0 = Release|iPhone
		{D311A264-9FB7-4CC8-895A-EF4B32D8F1B5}.Release|iPhoneSimulator.ActiveCfg = Release|iPhoneSimulator
		{D311A264-9FB7-4CC8-895A-EF4B32D8F1B5}.Release|iPhoneSimulator.Build.0 = Release|iPhoneSimulator
	EndGlobalSection
	GlobalSection(SolutionProperties) = preSolution
		HideSolutionNode = FALSE
	EndGlobalSection
	GlobalSection(ExtensibilityGlobals) = postSolution
		SolutionGuid = {FD683B14-266F-4C66-97A3-18538201F3C4}
	EndGlobalSection
EndGlobal
