Microsoft Visual Studio Solution File, Format Version 12.00
# Visual Studio Version 16
VisualStudioVersion = 16.0.29920.165
MinimumVisualStudioVersion = 10.0.40219.1
Project("{FAE04EC0-301F-11D3-BF4B-00C04F79EFBC}") = "DataForm_GettingStarted.Android", "DataForm_GettingStarted.Android\DataForm_GettingStarted.Android.csproj", "{F061F2D9-0818-4212-B237-B9D8EDD64A3E}"
EndProject
Project("{FAE04EC0-301F-11D3-BF4B-00C04F79EFBC}") = "DataForm_GettingStarted.iOS", "DataForm_GettingStarted.iOS\DataForm_GettingStarted.iOS.csproj", "{EFB184D9-0EAB-4D16-A253-076E5875FECF}"
EndProject
Project("{9A19103F-16F7-4668-BE54-9A1E7A4F7556}") = "DataForm_GettingStarted", "DataForm_GettingStarted\DataForm_GettingStarted.csproj", "{67D03D1F-3FCC-4957-A9C5-910F31C5CA8E}"
EndProject
Global
	GlobalSection(SolutionConfigurationPlatforms) = preSolution
		Debug|Any CPU = Debug|Any CPU
		Debug|iPhone = Debug|iPhone
		Debug|iPhoneSimulator = Debug|iPhoneSimulator
		Release|Any CPU = Release|Any CPU
		Release|iPhone = Release|iPhone
		Release|iPhoneSimulator = Release|iPhoneSimulator
	EndGlobalSection
	GlobalSection(ProjectConfigurationPlatforms) = postSolution
		{F061F2D9-0818-4212-B237-B9D8EDD64A3E}.Debug|Any CPU.ActiveCfg = Debug|Any CPU
		{F061F2D9-0818-4212-B237-B9D8EDD64A3E}.Debug|Any CPU.Build.0 = Debug|Any CPU
		{F061F2D9-0818-4212-B237-B9D8EDD64A3E}.Debug|iPhone.ActiveCfg = Debug|Any CPU
		{F061F2D9-0818-4212-B237-B9D8EDD64A3E}.Debug|iPhone.Build.0 = Debug|Any CPU
		{F061F2D9-0818-4212-B237-B9D8EDD64A3E}.Debug|iPhoneSimulator.ActiveCfg = Debug|Any CPU
		{F061F2D9-0818-4212-B237-B9D8EDD64A3E}.Debug|iPhoneSimulator.Build.0 = Debug|Any CPU
		{F061F2D9-0818-4212-B237-B9D8EDD64A3E}.Debug|iPhoneSimulator.Deploy.0 = Debug|Any CPU
		{F061F2D9-0818-4212-B237-B9D8EDD64A3E}.Release|Any CPU.ActiveCfg = Release|Any CPU
		{F061F2D9-0818-4212-B237-B9D8EDD64A3E}.Release|Any CPU.Build.0 = Release|Any CPU
		{F061F2D9-0818-4212-B237-B9D8EDD64A3E}.Release|iPhone.ActiveCfg = Release|Any CPU
		{F061F2D9-0818-4212-B237-B9D8EDD64A3E}.Release|iPhone.Build.0 = Release|Any CPU
		{F061F2D9-0818-4212-B237-B9D8EDD64A3E}.Release|iPhoneSimulator.ActiveCfg = Release|Any CPU
		{F061F2D9-0818-4212-B237-B9D8EDD64A3E}.Release|iPhoneSimulator.Build.0 = Release|Any CPU
		{EFB184D9-0EAB-4D16-A253-076E5875FECF}.Debug|Any CPU.ActiveCfg = Debug|iPhoneSimulator
		{EFB184D9-0EAB-4D16-A253-076E5875FECF}.Debug|Any CPU.Build.0 = Debug|iPhoneSimulator
		{EFB184D9-0EAB-4D16-A253-076E5875FECF}.Debug|iPhone.ActiveCfg = Debug|iPhone
		{EFB184D9-0EAB-4D16-A253-076E5875FECF}.Debug|iPhone.Build.0 = Debug|iPhone
		{EFB184D9-0EAB-4D16-A253-076E5875FECF}.Debug|iPhoneSimulator.ActiveCfg = Debug|iPhoneSimulator
		{EFB184D9-0EAB-4D16-A253-076E5875FECF}.Debug|iPhoneSimulator.Build.0 = Debug|iPhoneSimulator
		{EFB184D9-0EAB-4D16-A253-076E5875FECF}.Release|Any CPU.ActiveCfg = Release|iPhoneSimulator
		{EFB184D9-0EAB-4D16-A253-076E5875FECF}.Release|Any CPU.Build.0 = Release|iPhoneSimulator
		{EFB184D9-0EAB-4D16-A253-076E5875FECF}.Release|iPhone.ActiveCfg = Release|iPhone
		{EFB184D9-0EAB-4D16-A253-076E5875FECF}.Release|iPhone.Build.0 = Release|iPhone
		{EFB184D9-0EAB-4D16-A253-076E5875FECF}.Release|iPhoneSimulator.ActiveCfg = Release|iPhoneSimulator
		{EFB184D9-0EAB-4D16-A253-076E5875FECF}.Release|iPhoneSimulator.Build.0 = Release|iPhoneSimulator
		{67D03D1F-3FCC-4957-A9C5-910F31C5CA8E}.Debug|Any CPU.ActiveCfg = Debug|Any CPU
		{67D03D1F-3FCC-4957-A9C5-910F31C5CA8E}.Debug|Any CPU.Build.0 = Debug|Any CPU
		{67D03D1F-3FCC-4957-A9C5-910F31C5CA8E}.Debug|iPhone.ActiveCfg = Debug|Any CPU
		{67D03D1F-3FCC-4957-A9C5-910F31C5CA8E}.Debug|iPhone.Build.0 = Debug|Any CPU
		{67D03D1F-3FCC-4957-A9C5-910F31C5CA8E}.Debug|iPhoneSimulator.ActiveCfg = Debug|Any CPU
		{67D03D1F-3FCC-4957-A9C5-910F31C5CA8E}.Debug|iPhoneSimulator.Build.0 = Debug|Any CPU
		{67D03D1F-3FCC-4957-A9C5-910F31C5CA8E}.Release|Any CPU.ActiveCfg = Release|Any CPU
		{67D03D1F-3FCC-4957-A9C5-910F31C5CA8E}.Release|Any CPU.Build.0 = Release|Any CPU
		{67D03D1F-3FCC-4957-A9C5-910F31C5CA8E}.Release|iPhone.ActiveCfg = Release|Any CPU
		{67D03D1F-3FCC-4957-A9C5-910F31C5CA8E}.Release|iPhone.Build.0 = Release|Any CPU
		{67D03D1F-3FCC-4957-A9C5-910F31C5CA8E}.Release|iPhoneSimulator.ActiveCfg = Release|Any CPU
		{67D03D1F-3FCC-4957-A9C5-910F31C5CA8E}.Release|iPhoneSimulator.Build.0 = Release|Any CPU
	EndGlobalSection
	GlobalSection(SolutionProperties) = preSolution
		HideSolutionNode = FALSE
	EndGlobalSection
	GlobalSection(ExtensibilityGlobals) = postSolution
		SolutionGuid = {941257FB-3BA2-4D22-B1DD-0553D81C355E}
	EndGlobalSection
EndGlobal
